
Microsoft Visual Studio Solution File, Format Version 12.00
# Visual Studio Version 17
VisualStudioVersion = 17.0.31919.166
MinimumVisualStudioVersion = 10.0.40219.1
Project("{FAE04EC0-301F-11D3-BF4B-00C04F79EFBC}") = "M02_Creating_types", "M02_Creating_types\M02_Creating_types.csproj", "{FA1C474C-7506-4895-89B0-9CBBD51DDCC3}"
EndProject
Global
	GlobalSection(SolutionConfigurationPlatforms) = preSolution
		Debug|Any CPU = Debug|Any CPU
		Release|Any CPU = Release|Any CPU
	EndGlobalSection
	GlobalSection(ProjectConfigurationPlatforms) = postSolution
		{FA1C474C-7506-4895-89B0-9CBBD51DDCC3}.Debug|Any CPU.ActiveCfg = Debug|Any CPU
		{FA1C474C-7506-4895-89B0-9CBBD51DDCC3}.Debug|Any CPU.Build.0 = Debug|Any CPU
		{FA1C474C-7506-4895-89B0-9CBBD51DDCC3}.Release|Any CPU.ActiveCfg = Release|Any CPU
		{FA1C474C-7506-4895-89B0-9CBBD51DDCC3}.Release|Any CPU.Build.0 = Release|Any CPU
	EndGlobalSection
	GlobalSection(SolutionProperties) = preSolution
		HideSolutionNode = FALSE
	EndGlobalSection
	GlobalSection(ExtensibilityGlobals) = postSolution
		SolutionGuid = {1D28AF88-E943-45C9-ADB1-C526F789B947}
	EndGlobalSection
EndGlobal
