
Microsoft Visual Studio Solution File, Format Version 12.00
# Visual Studio Version 17
VisualStudioVersion = 17.0.31919.166
MinimumVisualStudioVersion = 10.0.40219.1
Project("{FAE04EC0-301F-11D3-BF4B-00C04F79EFBC}") = "M03_Strings", "M03_Strings\M03_Strings.csproj", "{B4BA3B00-51C2-4A45-AC6F-596D485C3FD2}"
EndProject
Global
	GlobalSection(SolutionConfigurationPlatforms) = preSolution
		Debug|Any CPU = Debug|Any CPU
		Release|Any CPU = Release|Any CPU
	EndGlobalSection
	GlobalSection(ProjectConfigurationPlatforms) = postSolution
		{B4BA3B00-51C2-4A45-AC6F-596D485C3FD2}.Debug|Any CPU.ActiveCfg = Debug|Any CPU
		{B4BA3B00-51C2-4A45-AC6F-596D485C3FD2}.Debug|Any CPU.Build.0 = Debug|Any CPU
		{B4BA3B00-51C2-4A45-AC6F-596D485C3FD2}.Release|Any CPU.ActiveCfg = Release|Any CPU
		{B4BA3B00-51C2-4A45-AC6F-596D485C3FD2}.Release|Any CPU.Build.0 = Release|Any CPU
	EndGlobalSection
	GlobalSection(SolutionProperties) = preSolution
		HideSolutionNode = FALSE
	EndGlobalSection
	GlobalSection(ExtensibilityGlobals) = postSolution
		SolutionGuid = {21CD6491-C484-4A12-B153-64985901C864}
	EndGlobalSection
EndGlobal
