
Microsoft Visual Studio Solution File, Format Version 12.00
# Visual Studio Version 17
VisualStudioVersion = 17.0.31919.166
MinimumVisualStudioVersion = 10.0.40219.1
Project("{FAE04EC0-301F-11D3-BF4B-00C04F79EFBC}") = "Performance", "Performance\Performance.csproj", "{AF24D3C9-92FD-4FE3-9D62-7E9B8D6562B5}"
EndProject
Global
	GlobalSection(SolutionConfigurationPlatforms) = preSolution
		Debug|Any CPU = Debug|Any CPU
		Release|Any CPU = Release|Any CPU
	EndGlobalSection
	GlobalSection(ProjectConfigurationPlatforms) = postSolution
		{AF24D3C9-92FD-4FE3-9D62-7E9B8D6562B5}.Debug|Any CPU.ActiveCfg = Debug|Any CPU
		{AF24D3C9-92FD-4FE3-9D62-7E9B8D6562B5}.Debug|Any CPU.Build.0 = Debug|Any CPU
		{AF24D3C9-92FD-4FE3-9D62-7E9B8D6562B5}.Release|Any CPU.ActiveCfg = Release|Any CPU
		{AF24D3C9-92FD-4FE3-9D62-7E9B8D6562B5}.Release|Any CPU.Build.0 = Release|Any CPU
	EndGlobalSection
	GlobalSection(SolutionProperties) = preSolution
		HideSolutionNode = FALSE
	EndGlobalSection
	GlobalSection(ExtensibilityGlobals) = postSolution
		SolutionGuid = {820F1FE0-B0D0-4038-9649-8BD6DED40213}
	EndGlobalSection
EndGlobal
